{
    "_readme": [
        "This file locks the dependencies of your project to a known state",
        "Read more about it at https://getcomposer.org/doc/01-basic-usage.md#installing-dependencies",
        "This file is @generated automatically"
    ],
    "content-hash": "6e2bbf884ae071d2ffc227856a7524d9",
    "packages": [
        {
            "name": "aura/sql",
            "version": "3.0.0",
            "source": {
                "type": "git",
                "url": "https://github.com/auraphp/Aura.Sql.git",
                "reference": "2be02d5dfd9fdee6df199de1a19572aa490bb744"
            },
            "dist": {
                "type": "zip",
                "url": "https://api.github.com/repos/auraphp/Aura.Sql/zipball/2be02d5dfd9fdee6df199de1a19572aa490bb744",
                "reference": "2be02d5dfd9fdee6df199de1a19572aa490bb744",
                "shasum": ""
            },
            "require": {
                "php": ">=5.6.0",
                "psr/log": "^1.0"
            },
            "require-dev": {
                "pds/skeleton": "~1.0",
                "phpunit/phpunit": "~5.0"
            },
            "type": "library",
            "autoload": {
                "psr-4": {
                    "Aura\\Sql\\": "src/"
                }
            },
            "notification-url": "https://packagist.org/downloads/",
            "license": [
                "MIT"
            ],
            "authors": [
                {
                    "name": "Aura.Sql Contributors",
                    "homepage": "https://github.com/auraphp/Aura.Sql/contributors"
                }
            ],
            "description": "A PDO extension that provides lazy connections, array quoting, query profiling, value binding, and convenience methods for common fetch styles. Because it extends PDO, existing code that uses PDO can use this without any changes to the existing code.",
            "homepage": "https://github.com/auraphp/Aura.Sql",
            "keywords": [
                "mysql",
                "pdo",
                "pgsql",
                "postgres",
                "postgresql",
                "sql server",
                "sqlite",
                "sqlserver",
                "sqlsrv"
            ],
            "time": "2018-06-11T12:57:42+00:00"
        },
        {
            "name": "dashifen/database",
            "version": "1.4.0",
            "source": {
                "type": "git",
                "url": "https://github.com/dashifen/database.git",
                "reference": "8be18a1e458b5d621870b232431fb6d92c703a36"
            },
            "dist": {
                "type": "zip",
                "url": "https://api.github.com/repos/dashifen/database/zipball/8be18a1e458b5d621870b232431fb6d92c703a36",
                "reference": "8be18a1e458b5d621870b232431fb6d92c703a36",
                "shasum": ""
            },
            "require": {
                "aura/sql": "3.0.*",
                "dashifen/exception": "1.1.*",
                "php": "^7.1"
            },
            "require-dev": {
                "league/booboo": "^1.0"
            },
            "type": "library",
            "autoload": {
                "psr-4": {
                    "Dashifen\\Database\\": "src/"
                }
            },
            "notification-url": "https://packagist.org/downloads/",
            "license": [
                "MIT"
            ],
            "authors": [
                {
                    "name": "David Dashifen Kees",
                    "email": "dashifen@dashifen.com",
                    "homepage": "https://dashifen.com",
                    "role": "developer"
                }
            ],
            "description": "A wrapper around the extended PDO object from Aura/SQL using the interface that Dash prefers.",
            "keywords": [
                "aura",
                "auraphp",
                "database",
                "pdo"
            ],
            "time": "2019-06-15T02:41:30+00:00"
        },
        {
            "name": "dashifen/exception",
            "version": "1.1.2",
            "source": {
                "type": "git",
                "url": "https://github.com/dashifen/exception.git",
                "reference": "c900fdd58f4b50562810b9930d1f5c52b64da28b"
            },
            "dist": {
                "type": "zip",
                "url": "https://api.github.com/repos/dashifen/exception/zipball/c900fdd58f4b50562810b9930d1f5c52b64da28b",
                "reference": "c900fdd58f4b50562810b9930d1f5c52b64da28b",
                "shasum": ""
            },
            "require": {
                "php": ">=7.3"
            },
            "type": "library",
            "autoload": {
                "psr-4": {
                    "Dashifen\\Exception\\": "src/"
                }
            },
            "notification-url": "https://packagist.org/downloads/",
            "license": [
                "MIT"
            ],
            "authors": [
                {
                    "name": "David Dashifen Kees",
                    "email": "dashifen@dashifen.com",
                    "homepage": "https://dashifen.com",
                    "role": "developer"
                }
            ],
            "description": "a base class for exceptions in Dashifen's other work",
            "time": "2019-11-30T20:08:44+00:00"
        },
        {
            "name": "dashifen/session",
            "version": "1.2.1",
            "source": {
                "type": "git",
                "url": "https://github.com/dashifen/session.git",
                "reference": "9a7c217bfb2a743c7f2639ff056936b087901629"
            },
            "dist": {
                "type": "zip",
                "url": "https://api.github.com/repos/dashifen/session/zipball/9a7c217bfb2a743c7f2639ff056936b087901629",
                "reference": "9a7c217bfb2a743c7f2639ff056936b087901629",
                "shasum": ""
            },
            "require": {
                "dashifen/exception": "1.1.*",
                "php": ">=7.3"
            },
            "type": "library",
            "autoload": {
                "psr-4": {
                    "Dashifen\\Session\\": "src/"
                }
            },
            "notification-url": "https://packagist.org/downloads/",
            "license": [
                "MIT"
            ],
            "authors": [
                {
                    "name": "David Dashifen Kees",
                    "email": "dashifen@dashifen.com",
                    "homepage": "https://dashifen.com",
                    "role": "developer"
                }
            ],
            "description": "a PHP session handling object",
            "keywords": [
                "session"
            ],
            "time": "2019-11-30T20:07:43+00:00"
        },
        {
            "name": "psr/log",
            "version": "dev-master",
            "source": {
                "type": "git",
                "url": "https://github.com/php-fig/log.git",
                "reference": "5628725d0e4d687e29575eb41f9d5ee7de33a84c"
            },
            "dist": {
                "type": "zip",
                "url": "https://api.github.com/repos/php-fig/log/zipball/5628725d0e4d687e29575eb41f9d5ee7de33a84c",
                "reference": "5628725d0e4d687e29575eb41f9d5ee7de33a84c",
                "shasum": ""
            },
            "require": {
                "php": ">=5.3.0"
            },
            "type": "library",
            "extra": {
                "branch-alias": {
                    "dev-master": "1.1.x-dev"
                }
            },
            "autoload": {
                "psr-4": {
                    "Psr\\Log\\": "Psr/Log/"
                }
            },
            "notification-url": "https://packagist.org/downloads/",
            "license": [
                "MIT"
            ],
            "authors": [
                {
                    "name": "PHP-FIG",
                    "homepage": "http://www.php-fig.org/"
                }
            ],
            "description": "Common interface for logging libraries",
            "homepage": "https://github.com/php-fig/log",
            "keywords": [
                "log",
                "psr",
                "psr-3"
            ],
            "time": "2019-11-12T16:45:05+00:00"
        }
    ],
    "packages-dev": [],
    "aliases": [],
    "minimum-stability": "dev",
    "stability-flags": [],
    "prefer-stable": false,
    "prefer-lowest": false,
    "platform": {
        "php": ">=7.3"
    },
    "platform-dev": []
}
