{
    "_readme": [
        "This file locks the dependencies of your project to a known state",
        "Read more about it at https://getcomposer.org/doc/01-basic-usage.md#composer-lock-the-lock-file",
        "This file is @generated automatically"
    ],
    "content-hash": "57689a63227d55a12872febd880663f9",
    "packages": [
        {
            "name": "aura/sql",
            "version": "3.x-dev",
            "source": {
                "type": "git",
                "url": "https://github.com/auraphp/Aura.Sql.git",
                "reference": "610ea8a7e66bb0c0fd9a2bf83e1d0f7c4f35692d"
            },
            "dist": {
                "type": "zip",
                "url": "https://api.github.com/repos/auraphp/Aura.Sql/zipball/610ea8a7e66bb0c0fd9a2bf83e1d0f7c4f35692d",
                "reference": "610ea8a7e66bb0c0fd9a2bf83e1d0f7c4f35692d",
                "shasum": ""
            },
            "require": {
                "php": ">=5.6.0",
                "psr/log": "^1.0"
            },
            "require-dev": {
                "pds/skeleton": "~1.0",
                "phpunit/phpunit": "~5.0"
            },
            "type": "library",
            "autoload": {
                "psr-4": {
                    "Aura\\Sql\\": "src/"
                }
            },
            "notification-url": "https://packagist.org/downloads/",
            "license": [
                "MIT"
            ],
            "authors": [
                {
                    "name": "Aura.Sql Contributors",
                    "homepage": "https://github.com/auraphp/Aura.Sql/contributors"
                }
            ],
            "description": "A PDO extension that provides lazy connections, array quoting, query profiling, value binding, and convenience methods for common fetch styles. Because it extends PDO, existing code that uses PDO can use this without any changes to the existing code.",
            "homepage": "https://github.com/auraphp/Aura.Sql",
            "keywords": [
                "mysql",
                "pdo",
                "pgsql",
                "postgres",
                "postgresql",
                "sql server",
                "sqlite",
                "sqlserver",
                "sqlsrv"
            ],
            "time": "2017-03-14 14:43:39"
        },
        {
            "name": "dashifen/database",
            "version": "1.0.6",
            "source": {
                "type": "git",
                "url": "https://github.com/dashifen/database.git",
                "reference": "6256dede61680a023669b32b2ab6f7c0b07c6700"
            },
            "dist": {
                "type": "zip",
                "url": "https://api.github.com/repos/dashifen/database/zipball/6256dede61680a023669b32b2ab6f7c0b07c6700",
                "reference": "6256dede61680a023669b32b2ab6f7c0b07c6700",
                "shasum": ""
            },
            "require": {
                "aura/sql": "^3.0.0-alpha1",
                "php": "^7.1"
            },
            "require-dev": {
                "league/booboo": "^1.0"
            },
            "type": "library",
            "autoload": {
                "psr-4": {
                    "Dashifen\\Database\\": "src/"
                }
            },
            "notification-url": "https://packagist.org/downloads/",
            "license": [
                "MIT"
            ],
            "authors": [
                {
                    "name": "David Dashifen Kees",
                    "email": "dashifen@dashifen.com",
                    "homepage": "https://dashifen.com",
                    "role": "developer"
                }
            ],
            "description": "A wrapper around the extended PDO object from Aura/SQL using the interface that Dash prefers.",
            "keywords": [
                "aura",
                "auraphp",
                "database",
                "pdo"
            ],
            "time": "2017-04-18T14:26:29+00:00"
        },
        {
            "name": "dashifen/session",
            "version": "1.0.2",
            "source": {
                "type": "git",
                "url": "https://github.com/dashifen/session.git",
                "reference": "4c3fc02aa2744b5d25870780a11898ac746f0175"
            },
            "dist": {
                "type": "zip",
                "url": "https://api.github.com/repos/dashifen/session/zipball/4c3fc02aa2744b5d25870780a11898ac746f0175",
                "reference": "4c3fc02aa2744b5d25870780a11898ac746f0175",
                "shasum": ""
            },
            "require": {
                "php": "^7.1"
            },
            "type": "library",
            "autoload": {
                "psr-4": {
                    "Dashifen\\Session\\": "src/"
                }
            },
            "notification-url": "https://packagist.org/downloads/",
            "license": [
                "MIT"
            ],
            "authors": [
                {
                    "name": "David Dashifen Kees",
                    "email": "dashifen@dashifen.com",
                    "homepage": "https://dashifen.com",
                    "role": "developer"
                }
            ],
            "description": "a PHP session handling object",
            "keywords": [
                "session"
            ],
            "time": "2017-04-14T20:06:26+00:00"
        },
        {
            "name": "psr/log",
            "version": "dev-master",
            "source": {
                "type": "git",
                "url": "https://github.com/php-fig/log.git",
                "reference": "4ebe3a8bf773a19edfe0a84b6585ba3d401b724d"
            },
            "dist": {
                "type": "zip",
                "url": "https://api.github.com/repos/php-fig/log/zipball/4ebe3a8bf773a19edfe0a84b6585ba3d401b724d",
                "reference": "4ebe3a8bf773a19edfe0a84b6585ba3d401b724d",
                "shasum": ""
            },
            "require": {
                "php": ">=5.3.0"
            },
            "type": "library",
            "extra": {
                "branch-alias": {
                    "dev-master": "1.0.x-dev"
                }
            },
            "autoload": {
                "psr-4": {
                    "Psr\\Log\\": "Psr/Log/"
                }
            },
            "notification-url": "https://packagist.org/downloads/",
            "license": [
                "MIT"
            ],
            "authors": [
                {
                    "name": "PHP-FIG",
                    "homepage": "http://www.php-fig.org/"
                }
            ],
            "description": "Common interface for logging libraries",
            "homepage": "https://github.com/php-fig/log",
            "keywords": [
                "log",
                "psr",
                "psr-3"
            ],
            "time": "2016-10-10 12:19:37"
        }
    ],
    "packages-dev": [],
    "aliases": [],
    "minimum-stability": "dev",
    "stability-flags": [],
    "prefer-stable": false,
    "prefer-lowest": false,
    "platform": {
        "php": "^7.1"
    },
    "platform-dev": []
}
